
Microsoft Visual Studio Solution File, Format Version 12.00
# Visual Studio Version 17
VisualStudioVersion = 17.0.32014.148
MinimumVisualStudioVersion = 10.0.40219.1
Project("{9A19103F-16F7-4668-BE54-9A1E7A4F7556}") = "MoviesApp.WebAPIReact", "MoviesApp.WebAPIReact\MoviesApp.WebAPIReact.csproj", "{EA314611-4AE3-4822-9217-6F3ED505F60E}"
EndProject
Project("{9A19103F-16F7-4668-BE54-9A1E7A4F7556}") = "MoviesApp.Common", "MoviesApp.Common\MoviesApp.Common.csproj", "{F139BF14-4DF1-40E8-9059-36BB2009B94F}"
EndProject
Project("{9A19103F-16F7-4668-BE54-9A1E7A4F7556}") = "MoviesApp.DAL", "MoviesApp.DAL\MoviesApp.DAL.csproj", "{369BC7EA-78F8-408A-AEAB-C15F8DFDCAE0}"
EndProject
Project("{9A19103F-16F7-4668-BE54-9A1E7A4F7556}") = "MoviesApp.DAL.Common", "MoviesApp.DAL.Common\MoviesApp.DAL.Common.csproj", "{8E5EEC47-7892-40B6-B62D-C02884B2F132}"
EndProject
Project("{9A19103F-16F7-4668-BE54-9A1E7A4F7556}") = "MoviesApp.Model", "MoviesApp.Model\MoviesApp.Model.csproj", "{A908D368-63D4-4B2B-85FC-773EE2D7C1C5}"
EndProject
Project("{9A19103F-16F7-4668-BE54-9A1E7A4F7556}") = "MoviesApp.Model.Common", "MoviesApp.Model.Common\MoviesApp.Model.Common.csproj", "{7A3D4156-7709-4D48-8D5D-106F51652A68}"
EndProject
Project("{9A19103F-16F7-4668-BE54-9A1E7A4F7556}") = "MoviesApp.Repository", "MoviesApp.Repository\MoviesApp.Repository.csproj", "{5C08BD42-CE6F-4552-A8CA-B4A691E017BC}"
EndProject
Project("{9A19103F-16F7-4668-BE54-9A1E7A4F7556}") = "MoviesApp.Repository.Common", "MoviesApp.Repository.Common\MoviesApp.Repository.Common.csproj", "{E6A408CC-D5C5-43A5-A4B0-66733EAEB276}"
EndProject
Project("{9A19103F-16F7-4668-BE54-9A1E7A4F7556}") = "MoviesApp.Service", "MoviesApp.Service\MoviesApp.Service.csproj", "{98845483-E291-4B12-BA64-364CB9368C13}"
EndProject
Project("{9A19103F-16F7-4668-BE54-9A1E7A4F7556}") = "MoviesApp.Service.Common", "MoviesApp.Service.Common\MoviesApp.Service.Common.csproj", "{93C471B9-A623-462E-B974-65F95A341E3A}"
EndProject
Global
	GlobalSection(SolutionConfigurationPlatforms) = preSolution
		Debug|Any CPU = Debug|Any CPU
		Release|Any CPU = Release|Any CPU
	EndGlobalSection
	GlobalSection(ProjectConfigurationPlatforms) = postSolution
		{EA314611-4AE3-4822-9217-6F3ED505F60E}.Debug|Any CPU.ActiveCfg = Debug|Any CPU
		{EA314611-4AE3-4822-9217-6F3ED505F60E}.Debug|Any CPU.Build.0 = Debug|Any CPU
		{EA314611-4AE3-4822-9217-6F3ED505F60E}.Release|Any CPU.ActiveCfg = Release|Any CPU
		{EA314611-4AE3-4822-9217-6F3ED505F60E}.Release|Any CPU.Build.0 = Release|Any CPU
		{F139BF14-4DF1-40E8-9059-36BB2009B94F}.Debug|Any CPU.ActiveCfg = Debug|Any CPU
		{F139BF14-4DF1-40E8-9059-36BB2009B94F}.Debug|Any CPU.Build.0 = Debug|Any CPU
		{F139BF14-4DF1-40E8-9059-36BB2009B94F}.Release|Any CPU.ActiveCfg = Release|Any CPU
		{F139BF14-4DF1-40E8-9059-36BB2009B94F}.Release|Any CPU.Build.0 = Release|Any CPU
		{369BC7EA-78F8-408A-AEAB-C15F8DFDCAE0}.Debug|Any CPU.ActiveCfg = Debug|Any CPU
		{369BC7EA-78F8-408A-AEAB-C15F8DFDCAE0}.Debug|Any CPU.Build.0 = Debug|Any CPU
		{369BC7EA-78F8-408A-AEAB-C15F8DFDCAE0}.Release|Any CPU.ActiveCfg = Release|Any CPU
		{369BC7EA-78F8-408A-AEAB-C15F8DFDCAE0}.Release|Any CPU.Build.0 = Release|Any CPU
		{8E5EEC47-7892-40B6-B62D-C02884B2F132}.Debug|Any CPU.ActiveCfg = Debug|Any CPU
		{8E5EEC47-7892-40B6-B62D-C02884B2F132}.Debug|Any CPU.Build.0 = Debug|Any CPU
		{8E5EEC47-7892-40B6-B62D-C02884B2F132}.Release|Any CPU.ActiveCfg = Release|Any CPU
		{8E5EEC47-7892-40B6-B62D-C02884B2F132}.Release|Any CPU.Build.0 = Release|Any CPU
		{A908D368-63D4-4B2B-85FC-773EE2D7C1C5}.Debug|Any CPU.ActiveCfg = Debug|Any CPU
		{A908D368-63D4-4B2B-85FC-773EE2D7C1C5}.Debug|Any CPU.Build.0 = Debug|Any CPU
		{A908D368-63D4-4B2B-85FC-773EE2D7C1C5}.Release|Any CPU.ActiveCfg = Release|Any CPU
		{A908D368-63D4-4B2B-85FC-773EE2D7C1C5}.Release|Any CPU.Build.0 = Release|Any CPU
		{7A3D4156-7709-4D48-8D5D-106F51652A68}.Debug|Any CPU.ActiveCfg = Debug|Any CPU
		{7A3D4156-7709-4D48-8D5D-106F51652A68}.Debug|Any CPU.Build.0 = Debug|Any CPU
		{7A3D4156-7709-4D48-8D5D-106F51652A68}.Release|Any CPU.ActiveCfg = Release|Any CPU
		{7A3D4156-7709-4D48-8D5D-106F51652A68}.Release|Any CPU.Build.0 = Release|Any CPU
		{5C08BD42-CE6F-4552-A8CA-B4A691E017BC}.Debug|Any CPU.ActiveCfg = Debug|Any CPU
		{5C08BD42-CE6F-4552-A8CA-B4A691E017BC}.Debug|Any CPU.Build.0 = Debug|Any CPU
		{5C08BD42-CE6F-4552-A8CA-B4A691E017BC}.Release|Any CPU.ActiveCfg = Release|Any CPU
		{5C08BD42-CE6F-4552-A8CA-B4A691E017BC}.Release|Any CPU.Build.0 = Release|Any CPU
		{E6A408CC-D5C5-43A5-A4B0-66733EAEB276}.Debug|Any CPU.ActiveCfg = Debug|Any CPU
		{E6A408CC-D5C5-43A5-A4B0-66733EAEB276}.Debug|Any CPU.Build.0 = Debug|Any CPU
		{E6A408CC-D5C5-43A5-A4B0-66733EAEB276}.Release|Any CPU.ActiveCfg = Release|Any CPU
		{E6A408CC-D5C5-43A5-A4B0-66733EAEB276}.Release|Any CPU.Build.0 = Release|Any CPU
		{98845483-E291-4B12-BA64-364CB9368C13}.Debug|Any CPU.ActiveCfg = Debug|Any CPU
		{98845483-E291-4B12-BA64-364CB9368C13}.Debug|Any CPU.Build.0 = Debug|Any CPU
		{98845483-E291-4B12-BA64-364CB9368C13}.Release|Any CPU.ActiveCfg = Release|Any CPU
		{98845483-E291-4B12-BA64-364CB9368C13}.Release|Any CPU.Build.0 = Release|Any CPU
		{93C471B9-A623-462E-B974-65F95A341E3A}.Debug|Any CPU.ActiveCfg = Debug|Any CPU
		{93C471B9-A623-462E-B974-65F95A341E3A}.Debug|Any CPU.Build.0 = Debug|Any CPU
		{93C471B9-A623-462E-B974-65F95A341E3A}.Release|Any CPU.ActiveCfg = Release|Any CPU
		{93C471B9-A623-462E-B974-65F95A341E3A}.Release|Any CPU.Build.0 = Release|Any CPU
	EndGlobalSection
	GlobalSection(SolutionProperties) = preSolution
		HideSolutionNode = FALSE
	EndGlobalSection
	GlobalSection(ExtensibilityGlobals) = postSolution
		SolutionGuid = {94038841-B172-40AF-B23E-A1FF033A48AA}
	EndGlobalSection
EndGlobal
